
Microsoft Visual Studio Solution File, Format Version 12.00
# Visual Studio Version 16
VisualStudioVersion = 16.0.31624.102
MinimumVisualStudioVersion = 10.0.40219.1
Project("{8BC9CEB8-8B4A-11D0-8D11-00A0C91BC942}") = "NumbersMethods-lab1", "NumbersMethods-lab1\NumbersMethods-lab1.vcxproj", "{FF986F5E-4EA3-4860-8FE7-F551F6E73F22}"
EndProject
Global
	GlobalSection(SolutionConfigurationPlatforms) = preSolution
		Debug|x64 = Debug|x64
		Debug|x86 = Debug|x86
		Release|x64 = Release|x64
		Release|x86 = Release|x86
	EndGlobalSection
	GlobalSection(ProjectConfigurationPlatforms) = postSolution
		{FF986F5E-4EA3-4860-8FE7-F551F6E73F22}.Debug|x64.ActiveCfg = Debug|x64
		{FF986F5E-4EA3-4860-8FE7-F551F6E73F22}.Debug|x64.Build.0 = Debug|x64
		{FF986F5E-4EA3-4860-8FE7-F551F6E73F22}.Debug|x86.ActiveCfg = Debug|Win32
		{FF986F5E-4EA3-4860-8FE7-F551F6E73F22}.Debug|x86.Build.0 = Debug|Win32
		{FF986F5E-4EA3-4860-8FE7-F551F6E73F22}.Release|x64.ActiveCfg = Release|x64
		{FF986F5E-4EA3-4860-8FE7-F551F6E73F22}.Release|x64.Build.0 = Release|x64
		{FF986F5E-4EA3-4860-8FE7-F551F6E73F22}.Release|x86.ActiveCfg = Release|Win32
		{FF986F5E-4EA3-4860-8FE7-F551F6E73F22}.Release|x86.Build.0 = Release|Win32
	EndGlobalSection
	GlobalSection(SolutionProperties) = preSolution
		HideSolutionNode = FALSE
	EndGlobalSection
	GlobalSection(ExtensibilityGlobals) = postSolution
		SolutionGuid = {2F7C9342-472F-44B6-95FD-ED4B1A77E1AD}
	EndGlobalSection
EndGlobal
